{
  "name": "lesson5",
  "version": "1.0.0",
  "lockfileVersion": 2,
  "requires": true,
  "packages": {
    "": {
      "version": "1.0.0",
      "license": "ISC",
      "dependencies": {
        "city-timezones": "^1.2.0",
        "movies-names": "^1.1.1",
        "name-to-imdb": "^3.0.2",
        "random-fruits-name": "^1.9.0"
      }
    },
    "node_modules/city-timezones": {
      "version": "1.2.0",
      "resolved": "https://registry.npmjs.org/city-timezones/-/city-timezones-1.2.0.tgz",
      "integrity": "sha512-/69UkTbg9MEsYfiEIUqkKFZBRzuuw+5WLHgybeGaR/E28/w0hLy87Q4QHa0GLStp/EOxXpq5zYvDIu9xcs+bKw==",
      "dependencies": {
        "lodash": ">=4.17.12"
      }
    },
    "node_modules/debug": {
      "version": "2.6.9",
      "resolved": "https://registry.npmjs.org/debug/-/debug-2.6.9.tgz",
      "integrity": "sha512-bC7ElrdJaJnPbAP+1EotYvqZsb3ecl5wi6Bfi6BJTUcNowp6cvspg0jXznRTKDjm/E7AdgFBVeAPVMNcKGsHMA==",
      "dependencies": {
        "ms": "2.0.0"
      }
    },
    "node_modules/diacritics": {
      "version": "1.3.0",
      "resolved": "https://registry.npmjs.org/diacritics/-/diacritics-1.3.0.tgz",
      "integrity": "sha1-PvqHMj67hj5mls67AILUj/PW96E="
    },
    "node_modules/iconv-lite": {
      "version": "0.4.24",
      "resolved": "https://registry.npmjs.org/iconv-lite/-/iconv-lite-0.4.24.tgz",
      "integrity": "sha512-v3MXnZAcvnywkTUEZomIActle7RXXeedOR31wwl7VlyoXO4Qi9arvSenNQWne1TcRwhCL1HwLI21bEqdpj8/rA==",
      "dependencies": {
        "safer-buffer": ">= 2.1.2 < 3"
      },
      "engines": {
        "node": ">=0.10.0"
      }
    },
    "node_modules/lodash": {
      "version": "4.17.21",
      "resolved": "https://registry.npmjs.org/lodash/-/lodash-4.17.21.tgz",
      "integrity": "sha512-v2kDEe57lecTulaDIuNTPy3Ry4gLGJ6Z1O3vE1krgXZNrsQ+LFTGHVxVjcXPs17LhbZVGedAJv8XZ1tvj5FvSg=="
    },
    "node_modules/movies-names": {
      "version": "1.1.1",
      "resolved": "https://registry.npmjs.org/movies-names/-/movies-names-1.1.1.tgz",
      "integrity": "sha512-TT9GoxZXJp/HeapCMLO7Urbtux6ImyrAvpxnDH6mGruNCaCanC1HGcoc/z69XfTmctvOmYmR3HJNg8VlT/XSdg==",
      "dependencies": {
        "unique-random-array": "^2.0.0"
      }
    },
    "node_modules/ms": {
      "version": "2.0.0",
      "resolved": "https://registry.npmjs.org/ms/-/ms-2.0.0.tgz",
      "integrity": "sha1-VgiurfwAvmwpAd9fmGF4jeDVl8g="
    },
    "node_modules/name-to-imdb": {
      "version": "3.0.2",
      "resolved": "https://registry.npmjs.org/name-to-imdb/-/name-to-imdb-3.0.2.tgz",
      "integrity": "sha512-CT94YfG6FPdXccrv/FUC1ZIkRMkMWrAoGcX7v3Sa/kntnB05xzaPIRHt7s4f43BvgLx/bmn6AhZ8TzkphGticQ==",
      "dependencies": {
        "diacritics": "~1.3.0",
        "named-queue": "^2.1.0",
        "needle": "^1.1.2",
        "node-fetch": "^2.2.0"
      }
    },
    "node_modules/named-queue": {
      "version": "2.2.1",
      "resolved": "https://registry.npmjs.org/named-queue/-/named-queue-2.2.1.tgz",
      "integrity": "sha1-GBRURVNZnVqeQD0N+pN6TODR5qc="
    },
    "node_modules/needle": {
      "version": "1.6.0",
      "resolved": "https://registry.npmjs.org/needle/-/needle-1.6.0.tgz",
      "integrity": "sha1-9SpYWJchIWGOAC+OY4TK2sItYk8=",
      "dependencies": {
        "debug": "^2.1.2",
        "iconv-lite": "^0.4.4"
      },
      "bin": {
        "needle": "bin/needle"
      },
      "engines": {
        "node": ">= 0.10.x"
      }
    },
    "node_modules/node-fetch": {
      "version": "2.6.1",
      "resolved": "https://registry.npmjs.org/node-fetch/-/node-fetch-2.6.1.tgz",
      "integrity": "sha512-V4aYg89jEoVRxRb2fJdAg8FHvI7cEyYdVAh94HH0UIK8oJxUfkjlDQN9RbMx+bEjP7+ggMiFRprSti032Oipxw==",
      "engines": {
        "node": "4.x || >=6.0.0"
      }
    },
    "node_modules/random-fruits-name": {
      "version": "1.9.0",
      "resolved": "https://registry.npmjs.org/random-fruits-name/-/random-fruits-name-1.9.0.tgz",
      "integrity": "sha512-PfGiEx2ML50QceEXcHvoZREjN0R8igzWaawwnW9EdgUTSNl/Zwf8wltZlKJDAUKk0p+2uLAhPIe6woE4RblrlA=="
    },
    "node_modules/safer-buffer": {
      "version": "2.1.2",
      "resolved": "https://registry.npmjs.org/safer-buffer/-/safer-buffer-2.1.2.tgz",
      "integrity": "sha512-YZo3K82SD7Riyi0E1EQPojLz7kpepnSQI9IyPbHHg1XXXevb5dJI7tpyN2ADxGcQbHG7vcyRHk0cbwqcQriUtg=="
    },
    "node_modules/unique-random": {
      "version": "2.1.0",
      "resolved": "https://registry.npmjs.org/unique-random/-/unique-random-2.1.0.tgz",
      "integrity": "sha512-iQ1ZgWac3b8YxGThecQFRQiqgk6xFERRwHZIWeVVsqlbmgCRl0PY13R4mUkodNgctmg5b5odG1nyW/IbOxQTqg==",
      "engines": {
        "node": ">=6"
      }
    },
    "node_modules/unique-random-array": {
      "version": "2.0.0",
      "resolved": "https://registry.npmjs.org/unique-random-array/-/unique-random-array-2.0.0.tgz",
      "integrity": "sha512-xR87O95fZ7hljw84J8r1YDXrvffPLWN513BNOP4Bv0KcgG5dyEUrHwsvP7mVAOKg4Y80uqRbpUk0GKr8il70qg==",
      "dependencies": {
        "unique-random": "^2.1.0"
      },
      "engines": {
        "node": ">=8"
      }
    }
  },
  "dependencies": {
    "city-timezones": {
      "version": "1.2.0",
      "resolved": "https://registry.npmjs.org/city-timezones/-/city-timezones-1.2.0.tgz",
      "integrity": "sha512-/69UkTbg9MEsYfiEIUqkKFZBRzuuw+5WLHgybeGaR/E28/w0hLy87Q4QHa0GLStp/EOxXpq5zYvDIu9xcs+bKw==",
      "requires": {
        "lodash": ">=4.17.12"
      }
    },
    "debug": {
      "version": "2.6.9",
      "resolved": "https://registry.npmjs.org/debug/-/debug-2.6.9.tgz",
      "integrity": "sha512-bC7ElrdJaJnPbAP+1EotYvqZsb3ecl5wi6Bfi6BJTUcNowp6cvspg0jXznRTKDjm/E7AdgFBVeAPVMNcKGsHMA==",
      "requires": {
        "ms": "2.0.0"
      }
    },
    "diacritics": {
      "version": "1.3.0",
      "resolved": "https://registry.npmjs.org/diacritics/-/diacritics-1.3.0.tgz",
      "integrity": "sha1-PvqHMj67hj5mls67AILUj/PW96E="
    },
    "iconv-lite": {
      "version": "0.4.24",
      "resolved": "https://registry.npmjs.org/iconv-lite/-/iconv-lite-0.4.24.tgz",
      "integrity": "sha512-v3MXnZAcvnywkTUEZomIActle7RXXeedOR31wwl7VlyoXO4Qi9arvSenNQWne1TcRwhCL1HwLI21bEqdpj8/rA==",
      "requires": {
        "safer-buffer": ">= 2.1.2 < 3"
      }
    },
    "lodash": {
      "version": "4.17.21",
      "resolved": "https://registry.npmjs.org/lodash/-/lodash-4.17.21.tgz",
      "integrity": "sha512-v2kDEe57lecTulaDIuNTPy3Ry4gLGJ6Z1O3vE1krgXZNrsQ+LFTGHVxVjcXPs17LhbZVGedAJv8XZ1tvj5FvSg=="
    },
    "movies-names": {
      "version": "1.1.1",
      "resolved": "https://registry.npmjs.org/movies-names/-/movies-names-1.1.1.tgz",
      "integrity": "sha512-TT9GoxZXJp/HeapCMLO7Urbtux6ImyrAvpxnDH6mGruNCaCanC1HGcoc/z69XfTmctvOmYmR3HJNg8VlT/XSdg==",
      "requires": {
        "unique-random-array": "^2.0.0"
      }
    },
    "ms": {
      "version": "2.0.0",
      "resolved": "https://registry.npmjs.org/ms/-/ms-2.0.0.tgz",
      "integrity": "sha1-VgiurfwAvmwpAd9fmGF4jeDVl8g="
    },
    "name-to-imdb": {
      "version": "3.0.2",
      "resolved": "https://registry.npmjs.org/name-to-imdb/-/name-to-imdb-3.0.2.tgz",
      "integrity": "sha512-CT94YfG6FPdXccrv/FUC1ZIkRMkMWrAoGcX7v3Sa/kntnB05xzaPIRHt7s4f43BvgLx/bmn6AhZ8TzkphGticQ==",
      "requires": {
        "diacritics": "~1.3.0",
        "named-queue": "^2.1.0",
        "needle": "^1.1.2",
        "node-fetch": "^2.2.0"
      }
    },
    "named-queue": {
      "version": "2.2.1",
      "resolved": "https://registry.npmjs.org/named-queue/-/named-queue-2.2.1.tgz",
      "integrity": "sha1-GBRURVNZnVqeQD0N+pN6TODR5qc="
    },
    "needle": {
      "version": "1.6.0",
      "resolved": "https://registry.npmjs.org/needle/-/needle-1.6.0.tgz",
      "integrity": "sha1-9SpYWJchIWGOAC+OY4TK2sItYk8=",
      "requires": {
        "debug": "^2.1.2",
        "iconv-lite": "^0.4.4"
      }
    },
    "node-fetch": {
      "version": "2.6.1",
      "resolved": "https://registry.npmjs.org/node-fetch/-/node-fetch-2.6.1.tgz",
      "integrity": "sha512-V4aYg89jEoVRxRb2fJdAg8FHvI7cEyYdVAh94HH0UIK8oJxUfkjlDQN9RbMx+bEjP7+ggMiFRprSti032Oipxw=="
    },
    "random-fruits-name": {
      "version": "1.9.0",
      "resolved": "https://registry.npmjs.org/random-fruits-name/-/random-fruits-name-1.9.0.tgz",
      "integrity": "sha512-PfGiEx2ML50QceEXcHvoZREjN0R8igzWaawwnW9EdgUTSNl/Zwf8wltZlKJDAUKk0p+2uLAhPIe6woE4RblrlA=="
    },
    "safer-buffer": {
      "version": "2.1.2",
      "resolved": "https://registry.npmjs.org/safer-buffer/-/safer-buffer-2.1.2.tgz",
      "integrity": "sha512-YZo3K82SD7Riyi0E1EQPojLz7kpepnSQI9IyPbHHg1XXXevb5dJI7tpyN2ADxGcQbHG7vcyRHk0cbwqcQriUtg=="
    },
    "unique-random": {
      "version": "2.1.0",
      "resolved": "https://registry.npmjs.org/unique-random/-/unique-random-2.1.0.tgz",
      "integrity": "sha512-iQ1ZgWac3b8YxGThecQFRQiqgk6xFERRwHZIWeVVsqlbmgCRl0PY13R4mUkodNgctmg5b5odG1nyW/IbOxQTqg=="
    },
    "unique-random-array": {
      "version": "2.0.0",
      "resolved": "https://registry.npmjs.org/unique-random-array/-/unique-random-array-2.0.0.tgz",
      "integrity": "sha512-xR87O95fZ7hljw84J8r1YDXrvffPLWN513BNOP4Bv0KcgG5dyEUrHwsvP7mVAOKg4Y80uqRbpUk0GKr8il70qg==",
      "requires": {
        "unique-random": "^2.1.0"
      }
    }
  }
}
